
Microsoft Visual Studio Solution File, Format Version 12.00
# Visual Studio 15
VisualStudioVersion = 15.0.28307.136
MinimumVisualStudioVersion = 10.0.40219.1
Project("{FAE04EC0-301F-11D3-BF4B-00C04F79EFBC}") = "BillsPaymentSystem.App", "BillsPaymentSystem.App\BillsPaymentSystem.App.csproj", "{74204E78-9DA4-4090-AAE6-2602EE44C284}"
EndProject
Project("{FAE04EC0-301F-11D3-BF4B-00C04F79EFBC}") = "BillsPaymentSystem.Data", "BillsPaymentSystem.Data\BillsPaymentSystem.Data.csproj", "{838FEC66-936F-43AD-B82E-976CCD1729F1}"
EndProject
Project("{FAE04EC0-301F-11D3-BF4B-00C04F79EFBC}") = "BillsPaymentSystem.Models", "BillsPaymentSystem.Models\BillsPaymentSystem.Models.csproj", "{C549B9C2-9418-48DE-BAC3-628F07F6B78C}"
EndProject
Global
	GlobalSection(SolutionConfigurationPlatforms) = preSolution
		Debug|Any CPU = Debug|Any CPU
		Release|Any CPU = Release|Any CPU
	EndGlobalSection
	GlobalSection(ProjectConfigurationPlatforms) = postSolution
		{74204E78-9DA4-4090-AAE6-2602EE44C284}.Debug|Any CPU.ActiveCfg = Debug|Any CPU
		{74204E78-9DA4-4090-AAE6-2602EE44C284}.Debug|Any CPU.Build.0 = Debug|Any CPU
		{74204E78-9DA4-4090-AAE6-2602EE44C284}.Release|Any CPU.ActiveCfg = Release|Any CPU
		{74204E78-9DA4-4090-AAE6-2602EE44C284}.Release|Any CPU.Build.0 = Release|Any CPU
		{838FEC66-936F-43AD-B82E-976CCD1729F1}.Debug|Any CPU.ActiveCfg = Debug|Any CPU
		{838FEC66-936F-43AD-B82E-976CCD1729F1}.Debug|Any CPU.Build.0 = Debug|Any CPU
		{838FEC66-936F-43AD-B82E-976CCD1729F1}.Release|Any CPU.ActiveCfg = Release|Any CPU
		{838FEC66-936F-43AD-B82E-976CCD1729F1}.Release|Any CPU.Build.0 = Release|Any CPU
		{C549B9C2-9418-48DE-BAC3-628F07F6B78C}.Debug|Any CPU.ActiveCfg = Debug|Any CPU
		{C549B9C2-9418-48DE-BAC3-628F07F6B78C}.Debug|Any CPU.Build.0 = Debug|Any CPU
		{C549B9C2-9418-48DE-BAC3-628F07F6B78C}.Release|Any CPU.ActiveCfg = Release|Any CPU
		{C549B9C2-9418-48DE-BAC3-628F07F6B78C}.Release|Any CPU.Build.0 = Release|Any CPU
	EndGlobalSection
	GlobalSection(SolutionProperties) = preSolution
		HideSolutionNode = FALSE
	EndGlobalSection
	GlobalSection(ExtensibilityGlobals) = postSolution
		SolutionGuid = {27AEA19B-3D97-48ED-97EB-75F0C8827F3C}
	EndGlobalSection
EndGlobal
